// !$*UTF8*$!
{
	archiveVersion = 1;
	classes = {
	};
	objectVersion = 46;
	objects = {

/* Begin PBXBuildFile section */
		12769A8F1D00E8FF0058C7FF /* Location.swift in Sources */ = {isa = PBXBuildFile; fileRef = 12769A8E1D00E8FF0058C7FF /* Location.swift */; };
		129F96F61CEA1DFC003243EB /* AppDelegate.swift in Sources */ = {isa = PBXBuildFile; fileRef = 129F96F51CEA1DFC003243EB /* AppDelegate.swift */; };
		129F96F81CEA1DFC003243EB /* ViewController.swift in Sources */ = {isa = PBXBuildFile; fileRef = 129F96F71CEA1DFC003243EB /* ViewController.swift */; };
		129F96FB1CEA1DFC003243EB /* Main.storyboard in Resources */ = {isa = PBXBuildFile; fileRef = 129F96F91CEA1DFC003243EB /* Main.storyboard */; };
		129F96FD1CEA1DFC003243EB /* Assets.xcassets in Resources */ = {isa = PBXBuildFile; fileRef = 129F96FC1CEA1DFC003243EB /* Assets.xcassets */; };
		129F97001CEA1DFC003243EB /* LaunchScreen.storyboard in Resources */ = {isa = PBXBuildFile; fileRef = 129F96FE1CEA1DFC003243EB /* LaunchScreen.storyboard */; };
/* End PBXBuildFile section */

/* Begin PBXFileReference section */
		12769A8E1D00E8FF0058C7FF /* Location.swift */ = {isa = PBXFileReference; fileEncoding = 4; lastKnownFileType = sourcecode.swift; path = Location.swift; sourceTree = "<group>"; };
		129F96F21CEA1DFC003243EB /* Dude,WheresMyCar?.app */ = {isa = PBXFileReference; explicitFileType = wrapper.application; includeInIndex = 0; path = "Dude,WheresMyCar?.app"; sourceTree = BUILT_PRODUCTS_DIR; };
		129F96F51CEA1DFC003243EB /* AppDelegate.swift */ = {isa = PBXFileReference; lastKnownFileType = sourcecode.swift; path = AppDelegate.swift; sourceTree = "<group>"; };
		129F96F71CEA1DFC003243EB /* ViewController.swift */ = {isa = PBXFileReference; lastKnownFileType = sourcecode.swift; path = ViewController.swift; sourceTree = "<group>"; };
		129F96FA1CEA1DFC003243EB /* Base */ = {isa = PBXFileReference; lastKnownFileType = file.storyboard; name = Base; path = Base.lproj/Main.storyboard; sourceTree = "<group>"; };
		129F96FC1CEA1DFC003243EB /* Assets.xcassets */ = {isa = PBXFileReference; lastKnownFileType = folder.assetcatalog; path = Assets.xcassets; sourceTree = "<group>"; };
		129F96FF1CEA1DFC003243EB /* Base */ = {isa = PBXFileReference; lastKnownFileType = file.storyboard; name = Base; path = Base.lproj/LaunchScreen.storyboard; sourceTree = "<group>"; };
		129F97011CEA1DFC003243EB /* Info.plist */ = {isa = PBXFileReference; lastKnownFileType = text.plist.xml; path = Info.plist; sourceTree = "<group>"; };
/* End PBXFileReference section */

/* Begin PBXFrameworksBuildPhase section */
		129F96EF1CEA1DFC003243EB /* Frameworks */ = {
			isa = PBXFrameworksBuildPhase;
			buildActionMask = 2147483647;
			files = (
			);
			runOnlyForDeploymentPostprocessing = 0;
		};
/* End PBXFrameworksBuildPhase section */

/* Begin PBXGroup section */
		129F96E91CEA1DFC003243EB = {
			isa = PBXGroup;
			children = (
				129F96F41CEA1DFC003243EB /* Dude,WheresMyCar? */,
				129F96F31CEA1DFC003243EB /* Products */,
			);
			sourceTree = "<group>";
		};
		129F96F31CEA1DFC003243EB /* Products */ = {
			isa = PBXGroup;
			children = (
				129F96F21CEA1DFC003243EB /* Dude,WheresMyCar?.app */,
			);
			name = Products;
			sourceTree = "<group>";
		};
		129F96F41CEA1DFC003243EB /* Dude,WheresMyCar? */ = {
			isa = PBXGroup;
			children = (
				129F96F51CEA1DFC003243EB /* AppDelegate.swift */,
				129F96F71CEA1DFC003243EB /* ViewController.swift */,
				12769A8E1D00E8FF0058C7FF /* Location.swift */,
				129F96F91CEA1DFC003243EB /* Main.storyboard */,
				129F96FC1CEA1DFC003243EB /* Assets.xcassets */,
				129F96FE1CEA1DFC003243EB /* LaunchScreen.storyboard */,
				129F97011CEA1DFC003243EB /* Info.plist */,
			);
			path = "Dude,WheresMyCar?";
			sourceTree = "<group>";
		};
/* End PBXGroup section */

/* Begin PBXNativeTarget section */
		129F96F11CEA1DFC003243EB /* Dude,WheresMyCar? */ = {
			isa = PBXNativeTarget;
			buildConfigurationList = 129F97041CEA1DFC003243EB /* Build configuration list for PBXNativeTarget "Dude,WheresMyCar?" */;
			buildPhases = (
				129F96EE1CEA1DFC003243EB /* Sources */,
				129F96EF1CEA1DFC003243EB /* Frameworks */,
				129F96F01CEA1DFC003243EB /* Resources */,
			);
			buildRules = (
			);
			dependencies = (
			);
			name = "Dude,WheresMyCar?";
			productName = "Dude,WheresMyCar?";
			productReference = 129F96F21CEA1DFC003243EB /* Dude,WheresMyCar?.app */;
			productType = "com.apple.product-type.application";
		};
/* End PBXNativeTarget section */

/* Begin PBXProject section */
		129F96EA1CEA1DFC003243EB /* Project object */ = {
			isa = PBXProject;
			attributes = {
				LastSwiftUpdateCheck = 0730;
				LastUpgradeCheck = 0730;
				ORGANIZATIONNAME = "Jorge Catalan";
				TargetAttributes = {
					129F96F11CEA1DFC003243EB = {
						CreatedOnToolsVersion = 7.3;
						DevelopmentTeam = DFHMFVHWS2;
					};
				};
			};
			buildConfigurationList = 129F96ED1CEA1DFC003243EB /* Build configuration list for PBXProject "Dude,WheresMyCar?" */;
			compatibilityVersion = "Xcode 3.2";
			developmentRegion = English;
			hasScannedForEncodings = 0;
			knownRegions = (
				en,
				Base,
			);
			mainGroup = 129F96E91CEA1DFC003243EB;
			productRefGroup = 129F96F31CEA1DFC003243EB /* Products */;
			projectDirPath = "";
			projectRoot = "";
			targets = (
				129F96F11CEA1DFC003243EB /* Dude,WheresMyCar? */,
			);
		};
/* End PBXProject section */

/* Begin PBXResourcesBuildPhase section */
		129F96F01CEA1DFC003243EB /* Resources */ = {
			isa = PBXResourcesBuildPhase;
			buildActionMask = 2147483647;
			files = (
				129F97001CEA1DFC003243EB /* LaunchScreen.storyboard in Resources */,
				129F96FD1CEA1DFC003243EB /* Assets.xcassets in Resources */,
				129F96FB1CEA1DFC003243EB /* Main.storyboard in Resources */,
			);
			runOnlyForDeploymentPostprocessing = 0;
		};
/* End PBXResourcesBuildPhase section */

/* Begin PBXSourcesBuildPhase section */
		129F96EE1CEA1DFC003243EB /* Sources */ = {
			isa = PBXSourcesBuildPhase;
			buildActionMask = 2147483647;
			files = (
				129F96F81CEA1DFC003243EB /* ViewController.swift in Sources */,
				129F96F61CEA1DFC003243EB /* AppDelegate.swift in Sources */,
				12769A8F1D00E8FF0058C7FF /* Location.swift in Sources */,
			);
			runOnlyForDeploymentPostprocessing = 0;
		};
/* End PBXSourcesBuildPhase section */

/* Begin PBXVariantGroup section */
		129F96F91CEA1DFC003243EB /* Main.storyboard */ = {
			isa = PBXVariantGroup;
			children = (
				129F96FA1CEA1DFC003243EB /* Base */,
			);
			name = Main.storyboard;
			sourceTree = "<group>";
		};
		129F96FE1CEA1DFC003243EB /* LaunchScreen.storyboard */ = {
			isa = PBXVariantGroup;
			children = (
				129F96FF1CEA1DFC003243EB /* Base */,
			);
			name = LaunchScreen.storyboard;
			sourceTree = "<group>";
		};
/* End PBXVariantGroup section */

/* Begin XCBuildConfiguration section */
		129F97021CEA1DFC003243EB /* Debug */ = {
			isa = XCBuildConfiguration;
			buildSettings = {
				ALWAYS_SEARCH_USER_PATHS = NO;
				CLANG_ANALYZER_NONNULL = YES;
				CLANG_CXX_LANGUAGE_STANDARD = "gnu++0x";
				CLANG_CXX_LIBRARY = "libc++";
				CLANG_ENABLE_MODULES = YES;
				CLANG_ENABLE_OBJC_ARC = YES;
				CLANG_WARN_BOOL_CONVERSION = YES;
				CLANG_WARN_CONSTANT_CONVERSION = YES;
				CLANG_WARN_DIRECT_OBJC_ISA_USAGE = YES_ERROR;
				CLANG_WARN_EMPTY_BODY = YES;
				CLANG_WARN_ENUM_CONVERSION = YES;
				CLANG_WARN_INT_CONVERSION = YES;
				CLANG_WARN_OBJC_ROOT_CLASS = YES_ERROR;
				CLANG_WARN_UNREACHABLE_CODE = YES;
				CLANG_WARN__DUPLICATE_METHOD_MATCH = YES;
				"CODE_SIGN_IDENTITY[sdk=iphoneos*]" = "iPhone Developer";
				COPY_PHASE_STRIP = NO;
				DEBUG_INFORMATION_FORMAT = dwarf;
				ENABLE_STRICT_OBJC_MSGSEND = YES;
				ENABLE_TESTABILITY = YES;
				GCC_C_LANGUAGE_STANDARD = gnu99;
				GCC_DYNAMIC_NO_PIC = NO;
				GCC_NO_COMMON_BLOCKS = YES;
				GCC_OPTIMIZATION_LEVEL = 0;
				GCC_PREPROCESSOR_DEFINITIONS = (
					"DEBUG=1",
					"$(inherited)",
				);
				GCC_WARN_64_TO_32_BIT_CONVERSION = YES;
				GCC_WARN_ABOUT_RETURN_TYPE = YES_ERROR;
				GCC_WARN_UNDECLARED_SELECTOR = YES;
				GCC_WARN_UNINITIALIZED_AUTOS = YES_AGGRESSIVE;
				GCC_WARN_UNUSED_FUNCTION = YES;
				GCC_WARN_UNUSED_VARIABLE = YES;
				IPHONEOS_DEPLOYMENT_TARGET = 9.3;
				MTL_ENABLE_DEBUG_INFO = YES;
				ONLY_ACTIVE_ARCH = YES;
				SDKROOT = iphoneos;
				SWIFT_OPTIMIZATION_LEVEL = "-Onone";
			};
			name = Debug;
		};
		129F97031CEA1DFC003243EB /* Release */ = {
			isa = XCBuildConfiguration;
			buildSettings = {
				ALWAYS_SEARCH_USER_PATHS = NO;
				CLANG_ANALYZER_NONNULL = YES;
				CLANG_CXX_LANGUAGE_STANDARD = "gnu++0x";
				CLANG_CXX_LIBRARY = "libc++";
				CLANG_ENABLE_MODULES = YES;
				CLANG_ENABLE_OBJC_ARC = YES;
				CLANG_WARN_BOOL_CONVERSION = YES;
				CLANG_WARN_CONSTANT_CONVERSION = YES;
				CLANG_WARN_DIRECT_OBJC_ISA_USAGE = YES_ERROR;
				CLANG_WARN_EMPTY_BODY = YES;
				CLANG_WARN_ENUM_CONVERSION = YES;
				CLANG_WARN_INT_CONVERSION = YES;
				CLANG_WARN_OBJC_ROOT_CLASS = YES_ERROR;
				CLANG_WARN_UNREACHABLE_CODE = YES;
				CLANG_WARN__DUPLICATE_METHOD_MATCH = YES;
				"CODE_SIGN_IDENTITY[sdk=iphoneos*]" = "iPhone Developer";
				COPY_PHASE_STRIP = NO;
				DEBUG_INFORMATION_FORMAT = "dwarf-with-dsym";
				ENABLE_NS_ASSERTIONS = NO;
				ENABLE_STRICT_OBJC_MSGSEND = YES;
				GCC_C_LANGUAGE_STANDARD = gnu99;
				GCC_NO_COMMON_BLOCKS = YES;
				GCC_WARN_64_TO_32_BIT_CONVERSION = YES;
				GCC_WARN_ABOUT_RETURN_TYPE = YES_ERROR;
				GCC_WARN_UNDECLARED_SELECTOR = YES;
				GCC_WARN_UNINITIALIZED_AUTOS = YES_AGGRESSIVE;
				GCC_WARN_UNUSED_FUNCTION = YES;
				GCC_WARN_UNUSED_VARIABLE = YES;
				IPHONEOS_DEPLOYMENT_TARGET = 9.3;
				MTL_ENABLE_DEBUG_INFO = NO;
				SDKROOT = iphoneos;
				VALIDATE_PRODUCT = YES;
			};
			name = Release;
		};
		129F97051CEA1DFC003243EB /* Debug */ = {
			isa = XCBuildConfiguration;
			buildSettings = {
				ASSETCATALOG_COMPILER_APPICON_NAME = AppIcon;
				INFOPLIST_FILE = "Dude,WheresMyCar?/Info.plist";
				LD_RUNPATH_SEARCH_PATHS = "$(inherited) @executable_path/Frameworks";
				PRODUCT_BUNDLE_IDENTIFIER = "Jorge-Catalan.Dude-WheresMyCar-";
				PRODUCT_NAME = "$(TARGET_NAME)";
			};
			name = Debug;
		};
		129F97061CEA1DFC003243EB /* Release */ = {
			isa = XCBuildConfiguration;
			buildSettings = {
				ASSETCATALOG_COMPILER_APPICON_NAME = AppIcon;
				INFOPLIST_FILE = "Dude,WheresMyCar?/Info.plist";
				LD_RUNPATH_SEARCH_PATHS = "$(inherited) @executable_path/Frameworks";
				PRODUCT_BUNDLE_IDENTIFIER = "Jorge-Catalan.Dude-WheresMyCar-";
				PRODUCT_NAME = "$(TARGET_NAME)";
			};
			name = Release;
		};
/* End XCBuildConfiguration section */

/* Begin XCConfigurationList section */
		129F96ED1CEA1DFC003243EB /* Build configuration list for PBXProject "Dude,WheresMyCar?" */ = {
			isa = XCConfigurationList;
			buildConfigurations = (
				129F97021CEA1DFC003243EB /* Debug */,
				129F97031CEA1DFC003243EB /* Release */,
			);
			defaultConfigurationIsVisible = 0;
			defaultConfigurationName = Release;
		};
		129F97041CEA1DFC003243EB /* Build configuration list for PBXNativeTarget "Dude,WheresMyCar?" */ = {
			isa = XCConfigurationList;
			buildConfigurations = (
				129F97051CEA1DFC003243EB /* Debug */,
				129F97061CEA1DFC003243EB /* Release */,
			);
			defaultConfigurationIsVisible = 0;
			defaultConfigurationName = Release;
		};
/* End XCConfigurationList section */
	};
	rootObject = 129F96EA1CEA1DFC003243EB /* Project object */;
}
